
Microsoft Visual Studio Solution File, Format Version 12.00
Project("{FAE04EC0-301F-11D3-BF4B-00C04F79EFBC}") = "ModularMonolith.Web", "ModularMonolith.Web\ModularMonolith.Web.csproj", "{3D491FD6-007F-4549-9ACA-4EF1E8013E26}"
EndProject
Project("{2150E333-8FDC-42A3-9474-1A3956D46DE8}") = "App", "App", "{A8D09167-9492-4F76-B4EC-AD96F780304C}"
EndProject
Project("{2150E333-8FDC-42A3-9474-1A3956D46DE8}") = "Modules", "Modules", "{85CB4EE0-E275-47CF-8519-1BA8162A3F9A}"
EndProject
Project("{2150E333-8FDC-42A3-9474-1A3956D46DE8}") = "Template", "Template", "{E74C2B33-E034-4E59-8EE2-E2A21663A492}"
EndProject
Project("{2150E333-8FDC-42A3-9474-1A3956D46DE8}") = "Framework", "Framework", "{F38CAAA4-1C4C-42DF-A42F-524C4DA52C20}"
EndProject
Project("{2150E333-8FDC-42A3-9474-1A3956D46DE8}") = "Tests", "Tests", "{DBEB46F0-28AA-4B52-B13F-7595160940DE}"
EndProject
Project("{FAE04EC0-301F-11D3-BF4B-00C04F79EFBC}") = "ModularMonolith.Framework.Entities", "ModularMonolith.Framework.Entities\ModularMonolith.Framework.Entities.csproj", "{50EC264A-A674-43CF-B806-44F0C05F09B3}"
EndProject
Project("{FAE04EC0-301F-11D3-BF4B-00C04F79EFBC}") = "ModularMonolith.Framework.Utils", "ModularMonolith.Framework.Utils\ModularMonolith.Framework.Utils.csproj", "{167324A5-15DA-46EF-9528-0AB4F0E95D9C}"
EndProject
Project("{FAE04EC0-301F-11D3-BF4B-00C04F79EFBC}") = "ModularMonolith.Framework.UseCases.Interfaces", "ModularMonolith.Framework.UseCases.Interfaces\ModularMonolith.Framework.UseCases.Interfaces.csproj", "{CEAD0DD0-E1A2-452D-B408-49B621E65BE6}"
EndProject
Project("{FAE04EC0-301F-11D3-BF4B-00C04F79EFBC}") = "ModularMonolith.Framework.UseCases.Implementation", "ModularMonolith.Framework.UseCases.Implementation\ModularMonolith.Framework.UseCases.Implementation.csproj", "{9904C671-A645-4278-A45B-9E41CA82077B}"
EndProject
Project("{2150E333-8FDC-42A3-9474-1A3956D46DE8}") = "SolutionItems", "SolutionItems", "{B3D1A2B3-E4FB-4FC1-A3C5-B88E10B1D26F}"
	ProjectSection(SolutionItems) = preProject
		Directory.Build.props = Directory.Build.props
		Directory.Packages.props = Directory.Packages.props
		CHANGELOG.md = CHANGELOG.md
	EndProjectSection
EndProject
Project("{FAE04EC0-301F-11D3-BF4B-00C04F79EFBC}") = "ModularMonolith.Module.Template.Contract", "ModularMonolith.Module.Template.Contract\ModularMonolith.Module.Template.Contract.csproj", "{54D5B0DF-3E2E-4CC5-AC38-BD68B37C696D}"
EndProject
Project("{FAE04EC0-301F-11D3-BF4B-00C04F79EFBC}") = "ModularMonolith.Module.Template.Contract.Implementation", "ModularMonolith.Module.Template.Contract.Implementation\ModularMonolith.Module.Template.Contract.Implementation.csproj", "{09E058DB-7A00-45EE-AEFE-7F30C233700E}"
EndProject
Project("{FAE04EC0-301F-11D3-BF4B-00C04F79EFBC}") = "ModularMonolith.Module.Template.BackgroundJobs", "ModularMonolith.Module.Template.BackgroundJobs\ModularMonolith.Module.Template.BackgroundJobs.csproj", "{56208B35-8CC0-4CF9-B751-48ECB198449E}"
EndProject
Project("{FAE04EC0-301F-11D3-BF4B-00C04F79EFBC}") = "ModularMonolith.Module.Template.Controllers", "ModularMonolith.Module.Template.Controllers\ModularMonolith.Module.Template.Controllers.csproj", "{FD81D9B7-7F28-421D-B2B9-A0AF6AB41514}"
EndProject
Project("{FAE04EC0-301F-11D3-BF4B-00C04F79EFBC}") = "ModularMonolith.Module.Template.DataAccess.Interface", "ModularMonolith.Module.Template.DataAccess.Interface\ModularMonolith.Module.Template.DataAccess.Interface.csproj", "{1AF38ADE-BF3D-444A-986E-BB119B163AEF}"
EndProject
Project("{FAE04EC0-301F-11D3-BF4B-00C04F79EFBC}") = "ModularMonolith.Module.Template.DataAccess.Sqlite", "ModularMonolith.Module.Template.DataAccess.Sqlite\ModularMonolith.Module.Template.DataAccess.Sqlite.csproj", "{4E0A6531-F944-48CC-8756-7BBD5E8AEC80}"
EndProject
Project("{FAE04EC0-301F-11D3-BF4B-00C04F79EFBC}") = "ModularMonolith.Module.Template.Domain", "ModularMonolith.Module.Template.Domain\ModularMonolith.Module.Template.Domain.csproj", "{7727A436-50B7-47C4-BE2E-88E50CBEE8C6}"
EndProject
Project("{FAE04EC0-301F-11D3-BF4B-00C04F79EFBC}") = "ModularMonolith.Module.Template.UseCases", "ModularMonolith.Module.Template.UseCases\ModularMonolith.Module.Template.UseCases.csproj", "{E59D03BA-EBD1-40DA-A304-F05B28D08CBD}"
EndProject
Project("{2150E333-8FDC-42A3-9474-1A3956D46DE8}") = "Tools", "Tools", "{A7BE8AEB-C55D-4C3F-B331-3DAAC11B2671}"
EndProject
Project("{FAE04EC0-301F-11D3-BF4B-00C04F79EFBC}") = "ModularMonolith.Tests.Unit", "ModularMonolith.Tests.Unit\ModularMonolith.Tests.Unit.csproj", "{9FBF2DAB-9EC2-4DB7-BACC-9D3D728127A3}"
EndProject
Project("{2150E333-8FDC-42A3-9474-1A3956D46DE8}") = "Builder", "Builder", "{6E0E3642-AE1C-418B-9A62-3A9751B888F5}"
EndProject
Project("{FAE04EC0-301F-11D3-BF4B-00C04F79EFBC}") = "ModularMonolith.Framework.DataAccess", "ModularMonolith.Framework.DataAccess\ModularMonolith.Framework.DataAccess.csproj", "{8C3F7C9A-27AE-4A0A-B9BA-7D2ED56E0539}"
EndProject
Project("{FAE04EC0-301F-11D3-BF4B-00C04F79EFBC}") = "ModularMonolith.Module.Builder.BackgroundJobs", "ModularMonolith.Module.Builder.BackgroundJobs\ModularMonolith.Module.Builder.BackgroundJobs.csproj", "{C91D198E-62F0-4494-AB6B-E342A9F7AC26}"
EndProject
Project("{FAE04EC0-301F-11D3-BF4B-00C04F79EFBC}") = "ModularMonolith.Module.Builder.Contracts", "ModularMonolith.Module.Builder.Contracts\ModularMonolith.Module.Builder.Contracts.csproj", "{BE43249A-A797-4CD9-BCBA-6C24B7E95E91}"
EndProject
Project("{FAE04EC0-301F-11D3-BF4B-00C04F79EFBC}") = "ModularMonolith.Module.Builder.Contracts.Implementation", "ModularMonolith.Module.Builder.Contracts.Implementation\ModularMonolith.Module.Builder.Contracts.Implementation.csproj", "{26D86BF0-4C8A-4736-AB29-3668E3385B6D}"
EndProject
Project("{FAE04EC0-301F-11D3-BF4B-00C04F79EFBC}") = "ModularMonolith.Module.Builder.Controllers", "ModularMonolith.Module.Builder.Controllers\ModularMonolith.Module.Builder.Controllers.csproj", "{A2121D5A-84EC-40A3-8426-2CF40D52522D}"
EndProject
Project("{FAE04EC0-301F-11D3-BF4B-00C04F79EFBC}") = "ModularMonolith.Module.Builder.DataAccess.Interface", "ModularMonolith.Module.Builder.DataAccess.Interface\ModularMonolith.Module.Builder.DataAccess.Interface.csproj", "{8E186078-08B9-4D56-9B9B-EFCB2BCAC195}"
EndProject
Project("{FAE04EC0-301F-11D3-BF4B-00C04F79EFBC}") = "ModularMonolith.Module.Builder.DataAccess.Sqlite", "ModularMonolith.Module.Builder.DataAccess.Sqlite\ModularMonolith.Module.Builder.DataAccess.Sqlite.csproj", "{15D143D7-4EF7-4889-A082-3A0064E2FF40}"
EndProject
Project("{FAE04EC0-301F-11D3-BF4B-00C04F79EFBC}") = "ModularMonolith.Module.Builder.Domain", "ModularMonolith.Module.Builder.Domain\ModularMonolith.Module.Builder.Domain.csproj", "{961D0F6E-4126-4CE6-B947-48D4A83AE94B}"
EndProject
Project("{FAE04EC0-301F-11D3-BF4B-00C04F79EFBC}") = "ModularMonolith.Module.Builder.UseCases", "ModularMonolith.Module.Builder.UseCases\ModularMonolith.Module.Builder.UseCases.csproj", "{1063CDF2-1863-4423-833F-87A7C3DA72C7}"
EndProject
Project("{FAE04EC0-301F-11D3-BF4B-00C04F79EFBC}") = "ModularMonolith.Tools.Migrator", "ModularMonolith.Tools.Migrator\ModularMonolith.Tools.Migrator.csproj", "{7A4CA7B3-1668-4C69-8688-DC81CA3FEDDE}"
EndProject
Global
	GlobalSection(SolutionConfigurationPlatforms) = preSolution
		Debug|Any CPU = Debug|Any CPU
		Release|Any CPU = Release|Any CPU
	EndGlobalSection
	GlobalSection(ProjectConfigurationPlatforms) = postSolution
		{3D491FD6-007F-4549-9ACA-4EF1E8013E26}.Debug|Any CPU.ActiveCfg = Debug|Any CPU
		{3D491FD6-007F-4549-9ACA-4EF1E8013E26}.Debug|Any CPU.Build.0 = Debug|Any CPU
		{3D491FD6-007F-4549-9ACA-4EF1E8013E26}.Release|Any CPU.ActiveCfg = Release|Any CPU
		{3D491FD6-007F-4549-9ACA-4EF1E8013E26}.Release|Any CPU.Build.0 = Release|Any CPU
		{50EC264A-A674-43CF-B806-44F0C05F09B3}.Debug|Any CPU.ActiveCfg = Debug|Any CPU
		{50EC264A-A674-43CF-B806-44F0C05F09B3}.Debug|Any CPU.Build.0 = Debug|Any CPU
		{50EC264A-A674-43CF-B806-44F0C05F09B3}.Release|Any CPU.ActiveCfg = Release|Any CPU
		{50EC264A-A674-43CF-B806-44F0C05F09B3}.Release|Any CPU.Build.0 = Release|Any CPU
		{167324A5-15DA-46EF-9528-0AB4F0E95D9C}.Debug|Any CPU.ActiveCfg = Debug|Any CPU
		{167324A5-15DA-46EF-9528-0AB4F0E95D9C}.Debug|Any CPU.Build.0 = Debug|Any CPU
		{167324A5-15DA-46EF-9528-0AB4F0E95D9C}.Release|Any CPU.ActiveCfg = Release|Any CPU
		{167324A5-15DA-46EF-9528-0AB4F0E95D9C}.Release|Any CPU.Build.0 = Release|Any CPU
		{CEAD0DD0-E1A2-452D-B408-49B621E65BE6}.Debug|Any CPU.ActiveCfg = Debug|Any CPU
		{CEAD0DD0-E1A2-452D-B408-49B621E65BE6}.Debug|Any CPU.Build.0 = Debug|Any CPU
		{CEAD0DD0-E1A2-452D-B408-49B621E65BE6}.Release|Any CPU.ActiveCfg = Release|Any CPU
		{CEAD0DD0-E1A2-452D-B408-49B621E65BE6}.Release|Any CPU.Build.0 = Release|Any CPU
		{9904C671-A645-4278-A45B-9E41CA82077B}.Debug|Any CPU.ActiveCfg = Debug|Any CPU
		{9904C671-A645-4278-A45B-9E41CA82077B}.Debug|Any CPU.Build.0 = Debug|Any CPU
		{9904C671-A645-4278-A45B-9E41CA82077B}.Release|Any CPU.ActiveCfg = Release|Any CPU
		{9904C671-A645-4278-A45B-9E41CA82077B}.Release|Any CPU.Build.0 = Release|Any CPU
		{54D5B0DF-3E2E-4CC5-AC38-BD68B37C696D}.Debug|Any CPU.ActiveCfg = Debug|Any CPU
		{54D5B0DF-3E2E-4CC5-AC38-BD68B37C696D}.Debug|Any CPU.Build.0 = Debug|Any CPU
		{54D5B0DF-3E2E-4CC5-AC38-BD68B37C696D}.Release|Any CPU.ActiveCfg = Release|Any CPU
		{54D5B0DF-3E2E-4CC5-AC38-BD68B37C696D}.Release|Any CPU.Build.0 = Release|Any CPU
		{09E058DB-7A00-45EE-AEFE-7F30C233700E}.Debug|Any CPU.ActiveCfg = Debug|Any CPU
		{09E058DB-7A00-45EE-AEFE-7F30C233700E}.Debug|Any CPU.Build.0 = Debug|Any CPU
		{09E058DB-7A00-45EE-AEFE-7F30C233700E}.Release|Any CPU.ActiveCfg = Release|Any CPU
		{09E058DB-7A00-45EE-AEFE-7F30C233700E}.Release|Any CPU.Build.0 = Release|Any CPU
		{56208B35-8CC0-4CF9-B751-48ECB198449E}.Debug|Any CPU.ActiveCfg = Debug|Any CPU
		{56208B35-8CC0-4CF9-B751-48ECB198449E}.Debug|Any CPU.Build.0 = Debug|Any CPU
		{56208B35-8CC0-4CF9-B751-48ECB198449E}.Release|Any CPU.ActiveCfg = Release|Any CPU
		{56208B35-8CC0-4CF9-B751-48ECB198449E}.Release|Any CPU.Build.0 = Release|Any CPU
		{FD81D9B7-7F28-421D-B2B9-A0AF6AB41514}.Debug|Any CPU.ActiveCfg = Debug|Any CPU
		{FD81D9B7-7F28-421D-B2B9-A0AF6AB41514}.Debug|Any CPU.Build.0 = Debug|Any CPU
		{FD81D9B7-7F28-421D-B2B9-A0AF6AB41514}.Release|Any CPU.ActiveCfg = Release|Any CPU
		{FD81D9B7-7F28-421D-B2B9-A0AF6AB41514}.Release|Any CPU.Build.0 = Release|Any CPU
		{1AF38ADE-BF3D-444A-986E-BB119B163AEF}.Debug|Any CPU.ActiveCfg = Debug|Any CPU
		{1AF38ADE-BF3D-444A-986E-BB119B163AEF}.Debug|Any CPU.Build.0 = Debug|Any CPU
		{1AF38ADE-BF3D-444A-986E-BB119B163AEF}.Release|Any CPU.ActiveCfg = Release|Any CPU
		{1AF38ADE-BF3D-444A-986E-BB119B163AEF}.Release|Any CPU.Build.0 = Release|Any CPU
		{4E0A6531-F944-48CC-8756-7BBD5E8AEC80}.Debug|Any CPU.ActiveCfg = Debug|Any CPU
		{4E0A6531-F944-48CC-8756-7BBD5E8AEC80}.Debug|Any CPU.Build.0 = Debug|Any CPU
		{4E0A6531-F944-48CC-8756-7BBD5E8AEC80}.Release|Any CPU.ActiveCfg = Release|Any CPU
		{4E0A6531-F944-48CC-8756-7BBD5E8AEC80}.Release|Any CPU.Build.0 = Release|Any CPU
		{7727A436-50B7-47C4-BE2E-88E50CBEE8C6}.Debug|Any CPU.ActiveCfg = Debug|Any CPU
		{7727A436-50B7-47C4-BE2E-88E50CBEE8C6}.Debug|Any CPU.Build.0 = Debug|Any CPU
		{7727A436-50B7-47C4-BE2E-88E50CBEE8C6}.Release|Any CPU.ActiveCfg = Release|Any CPU
		{7727A436-50B7-47C4-BE2E-88E50CBEE8C6}.Release|Any CPU.Build.0 = Release|Any CPU
		{E59D03BA-EBD1-40DA-A304-F05B28D08CBD}.Debug|Any CPU.ActiveCfg = Debug|Any CPU
		{E59D03BA-EBD1-40DA-A304-F05B28D08CBD}.Debug|Any CPU.Build.0 = Debug|Any CPU
		{E59D03BA-EBD1-40DA-A304-F05B28D08CBD}.Release|Any CPU.ActiveCfg = Release|Any CPU
		{E59D03BA-EBD1-40DA-A304-F05B28D08CBD}.Release|Any CPU.Build.0 = Release|Any CPU
		{9FBF2DAB-9EC2-4DB7-BACC-9D3D728127A3}.Debug|Any CPU.ActiveCfg = Debug|Any CPU
		{9FBF2DAB-9EC2-4DB7-BACC-9D3D728127A3}.Debug|Any CPU.Build.0 = Debug|Any CPU
		{9FBF2DAB-9EC2-4DB7-BACC-9D3D728127A3}.Release|Any CPU.ActiveCfg = Release|Any CPU
		{9FBF2DAB-9EC2-4DB7-BACC-9D3D728127A3}.Release|Any CPU.Build.0 = Release|Any CPU
		{8C3F7C9A-27AE-4A0A-B9BA-7D2ED56E0539}.Debug|Any CPU.ActiveCfg = Debug|Any CPU
		{8C3F7C9A-27AE-4A0A-B9BA-7D2ED56E0539}.Debug|Any CPU.Build.0 = Debug|Any CPU
		{8C3F7C9A-27AE-4A0A-B9BA-7D2ED56E0539}.Release|Any CPU.ActiveCfg = Release|Any CPU
		{8C3F7C9A-27AE-4A0A-B9BA-7D2ED56E0539}.Release|Any CPU.Build.0 = Release|Any CPU
		{C91D198E-62F0-4494-AB6B-E342A9F7AC26}.Debug|Any CPU.ActiveCfg = Debug|Any CPU
		{C91D198E-62F0-4494-AB6B-E342A9F7AC26}.Debug|Any CPU.Build.0 = Debug|Any CPU
		{C91D198E-62F0-4494-AB6B-E342A9F7AC26}.Release|Any CPU.ActiveCfg = Release|Any CPU
		{C91D198E-62F0-4494-AB6B-E342A9F7AC26}.Release|Any CPU.Build.0 = Release|Any CPU
		{BE43249A-A797-4CD9-BCBA-6C24B7E95E91}.Debug|Any CPU.ActiveCfg = Debug|Any CPU
		{BE43249A-A797-4CD9-BCBA-6C24B7E95E91}.Debug|Any CPU.Build.0 = Debug|Any CPU
		{BE43249A-A797-4CD9-BCBA-6C24B7E95E91}.Release|Any CPU.ActiveCfg = Release|Any CPU
		{BE43249A-A797-4CD9-BCBA-6C24B7E95E91}.Release|Any CPU.Build.0 = Release|Any CPU
		{26D86BF0-4C8A-4736-AB29-3668E3385B6D}.Debug|Any CPU.ActiveCfg = Debug|Any CPU
		{26D86BF0-4C8A-4736-AB29-3668E3385B6D}.Debug|Any CPU.Build.0 = Debug|Any CPU
		{26D86BF0-4C8A-4736-AB29-3668E3385B6D}.Release|Any CPU.ActiveCfg = Release|Any CPU
		{26D86BF0-4C8A-4736-AB29-3668E3385B6D}.Release|Any CPU.Build.0 = Release|Any CPU
		{A2121D5A-84EC-40A3-8426-2CF40D52522D}.Debug|Any CPU.ActiveCfg = Debug|Any CPU
		{A2121D5A-84EC-40A3-8426-2CF40D52522D}.Debug|Any CPU.Build.0 = Debug|Any CPU
		{A2121D5A-84EC-40A3-8426-2CF40D52522D}.Release|Any CPU.ActiveCfg = Release|Any CPU
		{A2121D5A-84EC-40A3-8426-2CF40D52522D}.Release|Any CPU.Build.0 = Release|Any CPU
		{8E186078-08B9-4D56-9B9B-EFCB2BCAC195}.Debug|Any CPU.ActiveCfg = Debug|Any CPU
		{8E186078-08B9-4D56-9B9B-EFCB2BCAC195}.Debug|Any CPU.Build.0 = Debug|Any CPU
		{8E186078-08B9-4D56-9B9B-EFCB2BCAC195}.Release|Any CPU.ActiveCfg = Release|Any CPU
		{8E186078-08B9-4D56-9B9B-EFCB2BCAC195}.Release|Any CPU.Build.0 = Release|Any CPU
		{15D143D7-4EF7-4889-A082-3A0064E2FF40}.Debug|Any CPU.ActiveCfg = Debug|Any CPU
		{15D143D7-4EF7-4889-A082-3A0064E2FF40}.Debug|Any CPU.Build.0 = Debug|Any CPU
		{15D143D7-4EF7-4889-A082-3A0064E2FF40}.Release|Any CPU.ActiveCfg = Release|Any CPU
		{15D143D7-4EF7-4889-A082-3A0064E2FF40}.Release|Any CPU.Build.0 = Release|Any CPU
		{961D0F6E-4126-4CE6-B947-48D4A83AE94B}.Debug|Any CPU.ActiveCfg = Debug|Any CPU
		{961D0F6E-4126-4CE6-B947-48D4A83AE94B}.Debug|Any CPU.Build.0 = Debug|Any CPU
		{961D0F6E-4126-4CE6-B947-48D4A83AE94B}.Release|Any CPU.ActiveCfg = Release|Any CPU
		{961D0F6E-4126-4CE6-B947-48D4A83AE94B}.Release|Any CPU.Build.0 = Release|Any CPU
		{1063CDF2-1863-4423-833F-87A7C3DA72C7}.Debug|Any CPU.ActiveCfg = Debug|Any CPU
		{1063CDF2-1863-4423-833F-87A7C3DA72C7}.Debug|Any CPU.Build.0 = Debug|Any CPU
		{1063CDF2-1863-4423-833F-87A7C3DA72C7}.Release|Any CPU.ActiveCfg = Release|Any CPU
		{1063CDF2-1863-4423-833F-87A7C3DA72C7}.Release|Any CPU.Build.0 = Release|Any CPU
		{7A4CA7B3-1668-4C69-8688-DC81CA3FEDDE}.Debug|Any CPU.ActiveCfg = Debug|Any CPU
		{7A4CA7B3-1668-4C69-8688-DC81CA3FEDDE}.Debug|Any CPU.Build.0 = Debug|Any CPU
		{7A4CA7B3-1668-4C69-8688-DC81CA3FEDDE}.Release|Any CPU.ActiveCfg = Release|Any CPU
		{7A4CA7B3-1668-4C69-8688-DC81CA3FEDDE}.Release|Any CPU.Build.0 = Release|Any CPU
	EndGlobalSection
	GlobalSection(NestedProjects) = preSolution
		{85CB4EE0-E275-47CF-8519-1BA8162A3F9A} = {A8D09167-9492-4F76-B4EC-AD96F780304C}
		{E74C2B33-E034-4E59-8EE2-E2A21663A492} = {85CB4EE0-E275-47CF-8519-1BA8162A3F9A}
		{F38CAAA4-1C4C-42DF-A42F-524C4DA52C20} = {A8D09167-9492-4F76-B4EC-AD96F780304C}
		{3D491FD6-007F-4549-9ACA-4EF1E8013E26} = {A8D09167-9492-4F76-B4EC-AD96F780304C}
		{50EC264A-A674-43CF-B806-44F0C05F09B3} = {F38CAAA4-1C4C-42DF-A42F-524C4DA52C20}
		{167324A5-15DA-46EF-9528-0AB4F0E95D9C} = {F38CAAA4-1C4C-42DF-A42F-524C4DA52C20}
		{CEAD0DD0-E1A2-452D-B408-49B621E65BE6} = {F38CAAA4-1C4C-42DF-A42F-524C4DA52C20}
		{9904C671-A645-4278-A45B-9E41CA82077B} = {F38CAAA4-1C4C-42DF-A42F-524C4DA52C20}
		{54D5B0DF-3E2E-4CC5-AC38-BD68B37C696D} = {E74C2B33-E034-4E59-8EE2-E2A21663A492}
		{09E058DB-7A00-45EE-AEFE-7F30C233700E} = {E74C2B33-E034-4E59-8EE2-E2A21663A492}
		{56208B35-8CC0-4CF9-B751-48ECB198449E} = {E74C2B33-E034-4E59-8EE2-E2A21663A492}
		{FD81D9B7-7F28-421D-B2B9-A0AF6AB41514} = {E74C2B33-E034-4E59-8EE2-E2A21663A492}
		{1AF38ADE-BF3D-444A-986E-BB119B163AEF} = {E74C2B33-E034-4E59-8EE2-E2A21663A492}
		{4E0A6531-F944-48CC-8756-7BBD5E8AEC80} = {E74C2B33-E034-4E59-8EE2-E2A21663A492}
		{7727A436-50B7-47C4-BE2E-88E50CBEE8C6} = {E74C2B33-E034-4E59-8EE2-E2A21663A492}
		{E59D03BA-EBD1-40DA-A304-F05B28D08CBD} = {E74C2B33-E034-4E59-8EE2-E2A21663A492}
		{9FBF2DAB-9EC2-4DB7-BACC-9D3D728127A3} = {DBEB46F0-28AA-4B52-B13F-7595160940DE}
		{6E0E3642-AE1C-418B-9A62-3A9751B888F5} = {85CB4EE0-E275-47CF-8519-1BA8162A3F9A}
		{8C3F7C9A-27AE-4A0A-B9BA-7D2ED56E0539} = {F38CAAA4-1C4C-42DF-A42F-524C4DA52C20}
		{C91D198E-62F0-4494-AB6B-E342A9F7AC26} = {6E0E3642-AE1C-418B-9A62-3A9751B888F5}
		{BE43249A-A797-4CD9-BCBA-6C24B7E95E91} = {6E0E3642-AE1C-418B-9A62-3A9751B888F5}
		{26D86BF0-4C8A-4736-AB29-3668E3385B6D} = {6E0E3642-AE1C-418B-9A62-3A9751B888F5}
		{A2121D5A-84EC-40A3-8426-2CF40D52522D} = {6E0E3642-AE1C-418B-9A62-3A9751B888F5}
		{8E186078-08B9-4D56-9B9B-EFCB2BCAC195} = {6E0E3642-AE1C-418B-9A62-3A9751B888F5}
		{15D143D7-4EF7-4889-A082-3A0064E2FF40} = {6E0E3642-AE1C-418B-9A62-3A9751B888F5}
		{961D0F6E-4126-4CE6-B947-48D4A83AE94B} = {6E0E3642-AE1C-418B-9A62-3A9751B888F5}
		{1063CDF2-1863-4423-833F-87A7C3DA72C7} = {6E0E3642-AE1C-418B-9A62-3A9751B888F5}
		{7A4CA7B3-1668-4C69-8688-DC81CA3FEDDE} = {A7BE8AEB-C55D-4C3F-B331-3DAAC11B2671}
	EndGlobalSection
EndGlobal
